
Microsoft Visual Studio Solution File, Format Version 12.00
# Visual Studio Version 17
VisualStudioVersion = 17.9.34728.123
MinimumVisualStudioVersion = 10.0.40219.1
Project("{9A19103F-16F7-4668-BE54-9A1E7A4F7556}") = "Wpf-Basics", "Wpf-Basics.csproj", "{31839B63-7500-4434-8D58-0EAA8215514C}"
EndProject
Project("{FAE04EC0-301F-11D3-BF4B-00C04F79EFBC}") = "WpfControls", "..\WpfControls\WpfControls.csproj", "{EF330868-D232-4526-9F23-A64EB1A4CAA8}"
EndProject
Global
	GlobalSection(SolutionConfigurationPlatforms) = preSolution
		Debug|Any CPU = Debug|Any CPU
		Release|Any CPU = Release|Any CPU
	EndGlobalSection
	GlobalSection(ProjectConfigurationPlatforms) = postSolution
		{31839B63-7500-4434-8D58-0EAA8215514C}.Debug|Any CPU.ActiveCfg = Debug|Any CPU
		{31839B63-7500-4434-8D58-0EAA8215514C}.Debug|Any CPU.Build.0 = Debug|Any CPU
		{31839B63-7500-4434-8D58-0EAA8215514C}.Release|Any CPU.ActiveCfg = Release|Any CPU
		{31839B63-7500-4434-8D58-0EAA8215514C}.Release|Any CPU.Build.0 = Release|Any CPU
		{EF330868-D232-4526-9F23-A64EB1A4CAA8}.Debug|Any CPU.ActiveCfg = Debug|Any CPU
		{EF330868-D232-4526-9F23-A64EB1A4CAA8}.Debug|Any CPU.Build.0 = Debug|Any CPU
		{EF330868-D232-4526-9F23-A64EB1A4CAA8}.Release|Any CPU.ActiveCfg = Release|Any CPU
		{EF330868-D232-4526-9F23-A64EB1A4CAA8}.Release|Any CPU.Build.0 = Release|Any CPU
	EndGlobalSection
	GlobalSection(SolutionProperties) = preSolution
		HideSolutionNode = FALSE
	EndGlobalSection
	GlobalSection(ExtensibilityGlobals) = postSolution
		SolutionGuid = {4A5348E7-C0A8-41FD-8FB9-129425911D02}
	EndGlobalSection
EndGlobal
